# This file was autogenerated by Stack.
# You should not edit this file by hand.
# For more information, please see the documentation at:
#   https://docs.haskellstack.org/en/stable/lock_files

packages:
- completed:
    hackage: regex-1.1.0.0@sha256:a09ab626310c46161d358590839aa8681a41351841ba76a3a521e5db144373d8,4447
    pantry-tree:
      size: 3716
      sha256: 802923dd99cd81675385452638fa571a4439df25a2b40f7e9f79d328b699fabf
  original:
    hackage: regex-1.1.0.0
snapshots:
- completed:
    size: 532835
    url: https://raw.githubusercontent.com/commercialhaskell/stackage-snapshots/master/lts/16/24.yaml
    sha256: cf2b52420b2262fe9cf0f6744929120131abd6675b1c3fb2d8b155a47f80d103
  original: lts-16.24
